
Microsoft Visual Studio Solution File, Format Version 12.00
# Visual Studio Version 17
VisualStudioVersion = 17.9.34728.123
MinimumVisualStudioVersion = 10.0.40219.1
Project("{FAE04EC0-301F-11D3-BF4B-00C04F79EFBC}") = "RailwayEF", "RailwayEF.csproj", "{12926561-52E5-477F-B5AF-54C72D93573A}"
EndProject
Global
	GlobalSection(SolutionConfigurationPlatforms) = preSolution
		Debug|Any CPU = Debug|Any CPU
		Release|Any CPU = Release|Any CPU
	EndGlobalSection
	GlobalSection(ProjectConfigurationPlatforms) = postSolution
		{12926561-52E5-477F-B5AF-54C72D93573A}.Debug|Any CPU.ActiveCfg = Debug|Any CPU
		{12926561-52E5-477F-B5AF-54C72D93573A}.Debug|Any CPU.Build.0 = Debug|Any CPU
		{12926561-52E5-477F-B5AF-54C72D93573A}.Release|Any CPU.ActiveCfg = Release|Any CPU
		{12926561-52E5-477F-B5AF-54C72D93573A}.Release|Any CPU.Build.0 = Release|Any CPU
	EndGlobalSection
	GlobalSection(SolutionProperties) = preSolution
		HideSolutionNode = FALSE
	EndGlobalSection
	GlobalSection(ExtensibilityGlobals) = postSolution
		SolutionGuid = {90C206F7-A675-4888-905C-6C1AD2EFE8FF}
	EndGlobalSection
EndGlobal
